// !$*UTF8*$!
{
	archiveVersion = 1;
	classes = {
	};
	objectVersion = 56;
	objects = {

/* Begin PBXBuildFile section */
		B05377AC2A3181DC00F323A2 /* GameOver.swift in Sources */ = {isa = PBXBuildFile; fileRef = B05377AB2A3181DC00F323A2 /* GameOver.swift */; };
		B05377AE2A3181F700F323A2 /* PreGame.swift in Sources */ = {isa = PBXBuildFile; fileRef = B05377AD2A3181F700F323A2 /* PreGame.swift */; };
		B05377B02A3188CB00F323A2 /* GameBackground.swift in Sources */ = {isa = PBXBuildFile; fileRef = B05377AF2A3188CB00F323A2 /* GameBackground.swift */; };
		B05377B22A32CF6E00F323A2 /* HexagonNode.swift in Sources */ = {isa = PBXBuildFile; fileRef = B05377B12A32CF6E00F323A2 /* HexagonNode.swift */; };
		B05377B42A32CF9A00F323A2 /* BallNode.swift in Sources */ = {isa = PBXBuildFile; fileRef = B05377B32A32CF9A00F323A2 /* BallNode.swift */; };
		B05377B62A32EAD800F323A2 /* Scaled Image.swift in Sources */ = {isa = PBXBuildFile; fileRef = B05377B52A32EAD800F323A2 /* Scaled Image.swift */; };
		B05377B82A32F59000F323A2 /* SettingsButton.swift in Sources */ = {isa = PBXBuildFile; fileRef = B05377B72A32F59000F323A2 /* SettingsButton.swift */; };
		B05377BA2A32F88500F323A2 /* SettingsView.swift in Sources */ = {isa = PBXBuildFile; fileRef = B05377B92A32F88500F323A2 /* SettingsView.swift */; };
		B05377BC2A32FA6D00F323A2 /* ManagerButton.swift in Sources */ = {isa = PBXBuildFile; fileRef = B05377BB2A32FA6C00F323A2 /* ManagerButton.swift */; };
		B05377BE2A36AA1F00F323A2 /* MusicManager.swift in Sources */ = {isa = PBXBuildFile; fileRef = B05377BD2A36AA1F00F323A2 /* MusicManager.swift */; };
		B05377C02A36AA2E00F323A2 /* VibrationManager.swift in Sources */ = {isa = PBXBuildFile; fileRef = B05377BF2A36AA2E00F323A2 /* VibrationManager.swift */; };
		B05377C22A36AA3900F323A2 /* SoundManager.swift in Sources */ = {isa = PBXBuildFile; fileRef = B05377C12A36AA3900F323A2 /* SoundManager.swift */; };
		B05377C42A36AB3300F323A2 /* UserDefaultsManager.swift in Sources */ = {isa = PBXBuildFile; fileRef = B05377C32A36AB3300F323A2 /* UserDefaultsManager.swift */; };
		B05377C72A36AD1800F323A2 /* DotMusic.mp3 in Resources */ = {isa = PBXBuildFile; fileRef = B05377C62A36AD1800F323A2 /* DotMusic.mp3 */; };
		B05377C92A36B31800F323A2 /* Click.mp3 in Resources */ = {isa = PBXBuildFile; fileRef = B05377C82A36B31800F323A2 /* Click.mp3 */; };
		B05377CD2A36BC0400F323A2 /* Defeat.mp3 in Resources */ = {isa = PBXBuildFile; fileRef = B05377CC2A36BC0400F323A2 /* Defeat.mp3 */; };
		B05377CF2A36BC0900F323A2 /* Win.mp3 in Resources */ = {isa = PBXBuildFile; fileRef = B05377CE2A36BC0900F323A2 /* Win.mp3 */; };
		B05377D12A36E56E00F323A2 /* Pop.mp3 in Resources */ = {isa = PBXBuildFile; fileRef = B05377D02A36E56E00F323A2 /* Pop.mp3 */; };
		B07E44552A24708D0050BFC6 /* DotGameApp.swift in Sources */ = {isa = PBXBuildFile; fileRef = B07E44542A24708D0050BFC6 /* DotGameApp.swift */; };
		B07E44572A24708D0050BFC6 /* GameScreen.swift in Sources */ = {isa = PBXBuildFile; fileRef = B07E44562A24708D0050BFC6 /* GameScreen.swift */; };
		B07E44592A24708F0050BFC6 /* Assets.xcassets in Resources */ = {isa = PBXBuildFile; fileRef = B07E44582A24708F0050BFC6 /* Assets.xcassets */; };
		B07E445C2A24708F0050BFC6 /* Preview Assets.xcassets in Resources */ = {isa = PBXBuildFile; fileRef = B07E445B2A24708F0050BFC6 /* Preview Assets.xcassets */; };
		B07E44652A24738E0050BFC6 /* Protocols.swift in Sources */ = {isa = PBXBuildFile; fileRef = B07E44642A24738E0050BFC6 /* Protocols.swift */; };
		B07E446D2A2529100050BFC6 /* Participators.swift in Sources */ = {isa = PBXBuildFile; fileRef = B07E446C2A2529100050BFC6 /* Participators.swift */; };
		B07E446F2A2529180050BFC6 /* MapMatrix.swift in Sources */ = {isa = PBXBuildFile; fileRef = B07E446E2A2529180050BFC6 /* MapMatrix.swift */; };
		B07E44742A252DA10050BFC6 /* GameScene.swift in Sources */ = {isa = PBXBuildFile; fileRef = B07E44732A252DA10050BFC6 /* GameScene.swift */; };
		B07E44772A253F810050BFC6 /* Coordinator.swift in Sources */ = {isa = PBXBuildFile; fileRef = B07E44762A253F810050BFC6 /* Coordinator.swift */; };
		B07E44792A25410F0050BFC6 /* Extensions.swift in Sources */ = {isa = PBXBuildFile; fileRef = B07E44782A25410F0050BFC6 /* Extensions.swift */; };
		B07E447D2A26CC330050BFC6 /* Hexagon.swift in Sources */ = {isa = PBXBuildFile; fileRef = B07E447C2A26CC330050BFC6 /* Hexagon.swift */; };
		B07E447F2A26CD270050BFC6 /* StationView.swift in Sources */ = {isa = PBXBuildFile; fileRef = B07E447E2A26CD270050BFC6 /* StationView.swift */; };
		B07E44852A26DDE90050BFC6 /* Player.swift in Sources */ = {isa = PBXBuildFile; fileRef = B07E44842A26DDE90050BFC6 /* Player.swift */; };
		B07E44872A26DDF20050BFC6 /* Bot.swift in Sources */ = {isa = PBXBuildFile; fileRef = B07E44862A26DDF20050BFC6 /* Bot.swift */; };
		B07E448D2A26E1280050BFC6 /* GameVM.swift in Sources */ = {isa = PBXBuildFile; fileRef = B07E448C2A26E1280050BFC6 /* GameVM.swift */; };
		B07E448F2A26E5CE0050BFC6 /* GameSetterVM.swift in Sources */ = {isa = PBXBuildFile; fileRef = B07E448E2A26E5CE0050BFC6 /* GameSetterVM.swift */; };
		B07E44952A26E6D30050BFC6 /* Station.swift in Sources */ = {isa = PBXBuildFile; fileRef = B07E44942A26E6D30050BFC6 /* Station.swift */; };
		B07E449B2A26EB610050BFC6 /* ParticipatorType.swift in Sources */ = {isa = PBXBuildFile; fileRef = B07E449A2A26EB610050BFC6 /* ParticipatorType.swift */; };
		B07E449F2A26F6610050BFC6 /* StationType.swift in Sources */ = {isa = PBXBuildFile; fileRef = B07E449E2A26F6600050BFC6 /* StationType.swift */; };
		B07E44A62A2700750050BFC6 /* AllMatrix.swift in Sources */ = {isa = PBXBuildFile; fileRef = B07E44A52A2700750050BFC6 /* AllMatrix.swift */; };
		B07E44AA2A270AF00050BFC6 /* HoneyCombView.swift in Sources */ = {isa = PBXBuildFile; fileRef = B07E44A92A270AF00050BFC6 /* HoneyCombView.swift */; };
		B07E44B02A2821D80050BFC6 /* BackgroundView.swift in Sources */ = {isa = PBXBuildFile; fileRef = B07E44AF2A2821D80050BFC6 /* BackgroundView.swift */; };
		B07E44B22A2846E00050BFC6 /* StartScreen.swift in Sources */ = {isa = PBXBuildFile; fileRef = B07E44B12A2846E00050BFC6 /* StartScreen.swift */; };
		B07E44B42A284B570050BFC6 /* RegularButton.swift in Sources */ = {isa = PBXBuildFile; fileRef = B07E44B32A284B570050BFC6 /* RegularButton.swift */; };
		B07E44B62A284CF90050BFC6 /* CustomGameScreen.swift in Sources */ = {isa = PBXBuildFile; fileRef = B07E44B52A284CF90050BFC6 /* CustomGameScreen.swift */; };
		B07E44B82A2861540050BFC6 /* TextView.swift in Sources */ = {isa = PBXBuildFile; fileRef = B07E44B72A2861540050BFC6 /* TextView.swift */; };
		B07E44BA2A2870B40050BFC6 /* MapView.swift in Sources */ = {isa = PBXBuildFile; fileRef = B07E44B92A2870B40050BFC6 /* MapView.swift */; };
		B07E44BC2A2993D90050BFC6 /* MapSample.swift in Sources */ = {isa = PBXBuildFile; fileRef = B07E44BB2A2993D90050BFC6 /* MapSample.swift */; };
		B07E44BE2A2994A90050BFC6 /* MapButton.swift in Sources */ = {isa = PBXBuildFile; fileRef = B07E44BD2A2994A90050BFC6 /* MapButton.swift */; };
		B0B267B32A29E62B002B3E16 /* GameInfo.swift in Sources */ = {isa = PBXBuildFile; fileRef = B0B267B22A29E62B002B3E16 /* GameInfo.swift */; };
		B0B267B72A2B074D002B3E16 /* GameProgress.swift in Sources */ = {isa = PBXBuildFile; fileRef = B0B267B62A2B074D002B3E16 /* GameProgress.swift */; };
		B0B267BD2A2C2832002B3E16 /* GameType.swift in Sources */ = {isa = PBXBuildFile; fileRef = B0B267BC2A2C2832002B3E16 /* GameType.swift */; };
		B0B267BF2A2C28A9002B3E16 /* MapGenerator.swift in Sources */ = {isa = PBXBuildFile; fileRef = B0B267BE2A2C28A9002B3E16 /* MapGenerator.swift */; };
		B0B267C12A2C3DDF002B3E16 /* Coordinates.swift in Sources */ = {isa = PBXBuildFile; fileRef = B0B267C02A2C3DDF002B3E16 /* Coordinates.swift */; };
		B0B267C32A2DD8D1002B3E16 /* GameMapView.swift in Sources */ = {isa = PBXBuildFile; fileRef = B0B267C22A2DD8D1002B3E16 /* GameMapView.swift */; };
/* End PBXBuildFile section */

/* Begin PBXFileReference section */
		B05377AB2A3181DC00F323A2 /* GameOver.swift */ = {isa = PBXFileReference; lastKnownFileType = sourcecode.swift; path = GameOver.swift; sourceTree = "<group>"; };
		B05377AD2A3181F700F323A2 /* PreGame.swift */ = {isa = PBXFileReference; lastKnownFileType = sourcecode.swift; path = PreGame.swift; sourceTree = "<group>"; };
		B05377AF2A3188CB00F323A2 /* GameBackground.swift */ = {isa = PBXFileReference; fileEncoding = 4; lastKnownFileType = sourcecode.swift; path = GameBackground.swift; sourceTree = "<group>"; };
		B05377B12A32CF6E00F323A2 /* HexagonNode.swift */ = {isa = PBXFileReference; lastKnownFileType = sourcecode.swift; path = HexagonNode.swift; sourceTree = "<group>"; };
		B05377B32A32CF9A00F323A2 /* BallNode.swift */ = {isa = PBXFileReference; lastKnownFileType = sourcecode.swift; path = BallNode.swift; sourceTree = "<group>"; };
		B05377B52A32EAD800F323A2 /* Scaled Image.swift */ = {isa = PBXFileReference; lastKnownFileType = sourcecode.swift; path = "Scaled Image.swift"; sourceTree = "<group>"; };
		B05377B72A32F59000F323A2 /* SettingsButton.swift */ = {isa = PBXFileReference; lastKnownFileType = sourcecode.swift; path = SettingsButton.swift; sourceTree = "<group>"; };
		B05377B92A32F88500F323A2 /* SettingsView.swift */ = {isa = PBXFileReference; lastKnownFileType = sourcecode.swift; path = SettingsView.swift; sourceTree = "<group>"; };
		B05377BB2A32FA6C00F323A2 /* ManagerButton.swift */ = {isa = PBXFileReference; lastKnownFileType = sourcecode.swift; path = ManagerButton.swift; sourceTree = "<group>"; };
		B05377BD2A36AA1F00F323A2 /* MusicManager.swift */ = {isa = PBXFileReference; lastKnownFileType = sourcecode.swift; path = MusicManager.swift; sourceTree = "<group>"; };
		B05377BF2A36AA2E00F323A2 /* VibrationManager.swift */ = {isa = PBXFileReference; lastKnownFileType = sourcecode.swift; path = VibrationManager.swift; sourceTree = "<group>"; };
		B05377C12A36AA3900F323A2 /* SoundManager.swift */ = {isa = PBXFileReference; lastKnownFileType = sourcecode.swift; path = SoundManager.swift; sourceTree = "<group>"; };
		B05377C32A36AB3300F323A2 /* UserDefaultsManager.swift */ = {isa = PBXFileReference; lastKnownFileType = sourcecode.swift; path = UserDefaultsManager.swift; sourceTree = "<group>"; };
		B05377C62A36AD1800F323A2 /* DotMusic.mp3 */ = {isa = PBXFileReference; lastKnownFileType = audio.mp3; path = DotMusic.mp3; sourceTree = "<group>"; };
		B05377C82A36B31800F323A2 /* Click.mp3 */ = {isa = PBXFileReference; lastKnownFileType = audio.mp3; path = Click.mp3; sourceTree = "<group>"; };
		B05377CC2A36BC0400F323A2 /* Defeat.mp3 */ = {isa = PBXFileReference; lastKnownFileType = audio.mp3; path = Defeat.mp3; sourceTree = "<group>"; };
		B05377CE2A36BC0900F323A2 /* Win.mp3 */ = {isa = PBXFileReference; lastKnownFileType = audio.mp3; path = Win.mp3; sourceTree = "<group>"; };
		B05377D02A36E56E00F323A2 /* Pop.mp3 */ = {isa = PBXFileReference; lastKnownFileType = audio.mp3; path = Pop.mp3; sourceTree = "<group>"; };
		B07E44512A24708D0050BFC6 /* DotGame.app */ = {isa = PBXFileReference; explicitFileType = wrapper.application; includeInIndex = 0; path = DotGame.app; sourceTree = BUILT_PRODUCTS_DIR; };
		B07E44542A24708D0050BFC6 /* DotGameApp.swift */ = {isa = PBXFileReference; lastKnownFileType = sourcecode.swift; path = DotGameApp.swift; sourceTree = "<group>"; };
		B07E44562A24708D0050BFC6 /* GameScreen.swift */ = {isa = PBXFileReference; lastKnownFileType = sourcecode.swift; path = GameScreen.swift; sourceTree = "<group>"; };
		B07E44582A24708F0050BFC6 /* Assets.xcassets */ = {isa = PBXFileReference; lastKnownFileType = folder.assetcatalog; path = Assets.xcassets; sourceTree = "<group>"; };
		B07E445B2A24708F0050BFC6 /* Preview Assets.xcassets */ = {isa = PBXFileReference; lastKnownFileType = folder.assetcatalog; path = "Preview Assets.xcassets"; sourceTree = "<group>"; };
		B07E44642A24738E0050BFC6 /* Protocols.swift */ = {isa = PBXFileReference; lastKnownFileType = sourcecode.swift; path = Protocols.swift; sourceTree = "<group>"; };
		B07E446C2A2529100050BFC6 /* Participators.swift */ = {isa = PBXFileReference; lastKnownFileType = sourcecode.swift; path = Participators.swift; sourceTree = "<group>"; };
		B07E446E2A2529180050BFC6 /* MapMatrix.swift */ = {isa = PBXFileReference; lastKnownFileType = sourcecode.swift; path = MapMatrix.swift; sourceTree = "<group>"; };
		B07E44732A252DA10050BFC6 /* GameScene.swift */ = {isa = PBXFileReference; lastKnownFileType = sourcecode.swift; path = GameScene.swift; sourceTree = "<group>"; };
		B07E44762A253F810050BFC6 /* Coordinator.swift */ = {isa = PBXFileReference; lastKnownFileType = sourcecode.swift; path = Coordinator.swift; sourceTree = "<group>"; };
		B07E44782A25410F0050BFC6 /* Extensions.swift */ = {isa = PBXFileReference; lastKnownFileType = sourcecode.swift; path = Extensions.swift; sourceTree = "<group>"; };
		B07E447C2A26CC330050BFC6 /* Hexagon.swift */ = {isa = PBXFileReference; lastKnownFileType = sourcecode.swift; path = Hexagon.swift; sourceTree = "<group>"; };
		B07E447E2A26CD270050BFC6 /* StationView.swift */ = {isa = PBXFileReference; lastKnownFileType = sourcecode.swift; path = StationView.swift; sourceTree = "<group>"; };
		B07E44842A26DDE90050BFC6 /* Player.swift */ = {isa = PBXFileReference; lastKnownFileType = sourcecode.swift; path = Player.swift; sourceTree = "<group>"; };
		B07E44862A26DDF20050BFC6 /* Bot.swift */ = {isa = PBXFileReference; lastKnownFileType = sourcecode.swift; path = Bot.swift; sourceTree = "<group>"; };
		B07E448C2A26E1280050BFC6 /* GameVM.swift */ = {isa = PBXFileReference; lastKnownFileType = sourcecode.swift; path = GameVM.swift; sourceTree = "<group>"; };
		B07E448E2A26E5CE0050BFC6 /* GameSetterVM.swift */ = {isa = PBXFileReference; lastKnownFileType = sourcecode.swift; path = GameSetterVM.swift; sourceTree = "<group>"; };
		B07E44942A26E6D30050BFC6 /* Station.swift */ = {isa = PBXFileReference; lastKnownFileType = sourcecode.swift; path = Station.swift; sourceTree = "<group>"; };
		B07E449A2A26EB610050BFC6 /* ParticipatorType.swift */ = {isa = PBXFileReference; lastKnownFileType = sourcecode.swift; path = ParticipatorType.swift; sourceTree = "<group>"; };
		B07E449E2A26F6600050BFC6 /* StationType.swift */ = {isa = PBXFileReference; lastKnownFileType = sourcecode.swift; path = StationType.swift; sourceTree = "<group>"; };
		B07E44A52A2700750050BFC6 /* AllMatrix.swift */ = {isa = PBXFileReference; lastKnownFileType = sourcecode.swift; path = AllMatrix.swift; sourceTree = "<group>"; };
		B07E44A92A270AF00050BFC6 /* HoneyCombView.swift */ = {isa = PBXFileReference; lastKnownFileType = sourcecode.swift; path = HoneyCombView.swift; sourceTree = "<group>"; };
		B07E44AB2A2716C20050BFC6 /* Info.plist */ = {isa = PBXFileReference; lastKnownFileType = text.plist; path = Info.plist; sourceTree = "<group>"; };
		B07E44AF2A2821D80050BFC6 /* BackgroundView.swift */ = {isa = PBXFileReference; lastKnownFileType = sourcecode.swift; path = BackgroundView.swift; sourceTree = "<group>"; };
		B07E44B12A2846E00050BFC6 /* StartScreen.swift */ = {isa = PBXFileReference; lastKnownFileType = sourcecode.swift; path = StartScreen.swift; sourceTree = "<group>"; };
		B07E44B32A284B570050BFC6 /* RegularButton.swift */ = {isa = PBXFileReference; lastKnownFileType = sourcecode.swift; path = RegularButton.swift; sourceTree = "<group>"; };
		B07E44B52A284CF90050BFC6 /* CustomGameScreen.swift */ = {isa = PBXFileReference; lastKnownFileType = sourcecode.swift; path = CustomGameScreen.swift; sourceTree = "<group>"; };
		B07E44B72A2861540050BFC6 /* TextView.swift */ = {isa = PBXFileReference; lastKnownFileType = sourcecode.swift; path = TextView.swift; sourceTree = "<group>"; };
		B07E44B92A2870B40050BFC6 /* MapView.swift */ = {isa = PBXFileReference; lastKnownFileType = sourcecode.swift; path = MapView.swift; sourceTree = "<group>"; };
		B07E44BB2A2993D90050BFC6 /* MapSample.swift */ = {isa = PBXFileReference; lastKnownFileType = sourcecode.swift; path = MapSample.swift; sourceTree = "<group>"; };
		B07E44BD2A2994A90050BFC6 /* MapButton.swift */ = {isa = PBXFileReference; lastKnownFileType = sourcecode.swift; path = MapButton.swift; sourceTree = "<group>"; };
		B0B267B22A29E62B002B3E16 /* GameInfo.swift */ = {isa = PBXFileReference; lastKnownFileType = sourcecode.swift; path = GameInfo.swift; sourceTree = "<group>"; };
		B0B267B62A2B074D002B3E16 /* GameProgress.swift */ = {isa = PBXFileReference; fileEncoding = 4; lastKnownFileType = sourcecode.swift; path = GameProgress.swift; sourceTree = "<group>"; };
		B0B267BC2A2C2832002B3E16 /* GameType.swift */ = {isa = PBXFileReference; lastKnownFileType = sourcecode.swift; path = GameType.swift; sourceTree = "<group>"; };
		B0B267BE2A2C28A9002B3E16 /* MapGenerator.swift */ = {isa = PBXFileReference; fileEncoding = 4; lastKnownFileType = sourcecode.swift; path = MapGenerator.swift; sourceTree = "<group>"; };
		B0B267C02A2C3DDF002B3E16 /* Coordinates.swift */ = {isa = PBXFileReference; lastKnownFileType = sourcecode.swift; path = Coordinates.swift; sourceTree = "<group>"; };
		B0B267C22A2DD8D1002B3E16 /* GameMapView.swift */ = {isa = PBXFileReference; lastKnownFileType = sourcecode.swift; path = GameMapView.swift; sourceTree = "<group>"; };
/* End PBXFileReference section */

/* Begin PBXFrameworksBuildPhase section */
		B07E444E2A24708D0050BFC6 /* Frameworks */ = {
			isa = PBXFrameworksBuildPhase;
			buildActionMask = 2147483647;
			files = (
			);
			runOnlyForDeploymentPostprocessing = 0;
		};
/* End PBXFrameworksBuildPhase section */

/* Begin PBXGroup section */
		B05377C52A36ACF900F323A2 /* MusicAndSounds */ = {
			isa = PBXGroup;
			children = (
				B05377CE2A36BC0900F323A2 /* Win.mp3 */,
				B05377D02A36E56E00F323A2 /* Pop.mp3 */,
				B05377CC2A36BC0400F323A2 /* Defeat.mp3 */,
				B05377C82A36B31800F323A2 /* Click.mp3 */,
				B05377C62A36AD1800F323A2 /* DotMusic.mp3 */,
			);
			path = MusicAndSounds;
			sourceTree = "<group>";
		};
		B07E44482A24708D0050BFC6 = {
			isa = PBXGroup;
			children = (
				B07E44532A24708D0050BFC6 /* DotGame */,
				B07E44522A24708D0050BFC6 /* Products */,
			);
			sourceTree = "<group>";
		};
		B07E44522A24708D0050BFC6 /* Products */ = {
			isa = PBXGroup;
			children = (
				B07E44512A24708D0050BFC6 /* DotGame.app */,
			);
			name = Products;
			sourceTree = "<group>";
		};
		B07E44532A24708D0050BFC6 /* DotGame */ = {
			isa = PBXGroup;
			children = (
				B07E44AB2A2716C20050BFC6 /* Info.plist */,
				B07E44542A24708D0050BFC6 /* DotGameApp.swift */,
				B07E44B12A2846E00050BFC6 /* StartScreen.swift */,
				B07E44B52A284CF90050BFC6 /* CustomGameScreen.swift */,
				B07E44562A24708D0050BFC6 /* GameScreen.swift */,
				B07E446B2A2529010050BFC6 /* Models */,
				B07E44882A26E0490050BFC6 /* ViewModels */,
				B07E44752A252E7B0050BFC6 /* Scene */,
				B07E44822A26DDBD0050BFC6 /* Views */,
				B07E44782A25410F0050BFC6 /* Extensions.swift */,
				B0B267AF2A29B5E4002B3E16 /* Managers */,
				B07E44642A24738E0050BFC6 /* Protocols.swift */,
				B05377C52A36ACF900F323A2 /* MusicAndSounds */,
				B07E44992A26EB520050BFC6 /* Extras */,
				B07E44582A24708F0050BFC6 /* Assets.xcassets */,
				B07E445A2A24708F0050BFC6 /* Preview Content */,
			);
			path = DotGame;
			sourceTree = "<group>";
		};
		B07E445A2A24708F0050BFC6 /* Preview Content */ = {
			isa = PBXGroup;
			children = (
				B07E445B2A24708F0050BFC6 /* Preview Assets.xcassets */,
			);
			path = "Preview Content";
			sourceTree = "<group>";
		};
		B07E446B2A2529010050BFC6 /* Models */ = {
			isa = PBXGroup;
			children = (
				B0B267B22A29E62B002B3E16 /* GameInfo.swift */,
				B07E44832A26DDD10050BFC6 /* ParticipatorModel */,
				B07E448B2A26E0FB0050BFC6 /* MapModel */,
			);
			path = Models;
			sourceTree = "<group>";
		};
		B07E44752A252E7B0050BFC6 /* Scene */ = {
			isa = PBXGroup;
			children = (
				B07E44732A252DA10050BFC6 /* GameScene.swift */,
				B07E44762A253F810050BFC6 /* Coordinator.swift */,
				B05377B12A32CF6E00F323A2 /* HexagonNode.swift */,
				B05377B32A32CF9A00F323A2 /* BallNode.swift */,
			);
			path = Scene;
			sourceTree = "<group>";
		};
		B07E44822A26DDBD0050BFC6 /* Views */ = {
			isa = PBXGroup;
			children = (
				B07E44BF2A2994AE0050BFC6 /* Buttons */,
				B07E447E2A26CD270050BFC6 /* StationView.swift */,
				B07E447C2A26CC330050BFC6 /* Hexagon.swift */,
				B07E44A92A270AF00050BFC6 /* HoneyCombView.swift */,
				B05377B72A32F59000F323A2 /* SettingsButton.swift */,
				B07E44AF2A2821D80050BFC6 /* BackgroundView.swift */,
				B05377B92A32F88500F323A2 /* SettingsView.swift */,
				B07E44B72A2861540050BFC6 /* TextView.swift */,
				B0B267B62A2B074D002B3E16 /* GameProgress.swift */,
				B07E44B92A2870B40050BFC6 /* MapView.swift */,
				B07E44BB2A2993D90050BFC6 /* MapSample.swift */,
				B0B267C22A2DD8D1002B3E16 /* GameMapView.swift */,
				B05377AB2A3181DC00F323A2 /* GameOver.swift */,
				B05377AF2A3188CB00F323A2 /* GameBackground.swift */,
				B05377AD2A3181F700F323A2 /* PreGame.swift */,
				B05377B52A32EAD800F323A2 /* Scaled Image.swift */,
			);
			path = Views;
			sourceTree = "<group>";
		};
		B07E44832A26DDD10050BFC6 /* ParticipatorModel */ = {
			isa = PBXGroup;
			children = (
				B07E446C2A2529100050BFC6 /* Participators.swift */,
				B07E44842A26DDE90050BFC6 /* Player.swift */,
				B07E44862A26DDF20050BFC6 /* Bot.swift */,
			);
			path = ParticipatorModel;
			sourceTree = "<group>";
		};
		B07E44882A26E0490050BFC6 /* ViewModels */ = {
			isa = PBXGroup;
			children = (
				B07E448E2A26E5CE0050BFC6 /* GameSetterVM.swift */,
				B07E448C2A26E1280050BFC6 /* GameVM.swift */,
			);
			path = ViewModels;
			sourceTree = "<group>";
		};
		B07E448B2A26E0FB0050BFC6 /* MapModel */ = {
			isa = PBXGroup;
			children = (
				B0B267C02A2C3DDF002B3E16 /* Coordinates.swift */,
				B07E44942A26E6D30050BFC6 /* Station.swift */,
				B0B267BE2A2C28A9002B3E16 /* MapGenerator.swift */,
				B07E446E2A2529180050BFC6 /* MapMatrix.swift */,
			);
			path = MapModel;
			sourceTree = "<group>";
		};
		B07E44992A26EB520050BFC6 /* Extras */ = {
			isa = PBXGroup;
			children = (
				B07E449A2A26EB610050BFC6 /* ParticipatorType.swift */,
				B07E449E2A26F6600050BFC6 /* StationType.swift */,
				B0B267BC2A2C2832002B3E16 /* GameType.swift */,
			);
			path = Extras;
			sourceTree = "<group>";
		};
		B07E44BF2A2994AE0050BFC6 /* Buttons */ = {
			isa = PBXGroup;
			children = (
				B07E44B32A284B570050BFC6 /* RegularButton.swift */,
				B07E44BD2A2994A90050BFC6 /* MapButton.swift */,
				B05377BB2A32FA6C00F323A2 /* ManagerButton.swift */,
			);
			path = Buttons;
			sourceTree = "<group>";
		};
		B0B267AF2A29B5E4002B3E16 /* Managers */ = {
			isa = PBXGroup;
			children = (
				B07E44A52A2700750050BFC6 /* AllMatrix.swift */,
				B05377BD2A36AA1F00F323A2 /* MusicManager.swift */,
				B05377BF2A36AA2E00F323A2 /* VibrationManager.swift */,
				B05377C12A36AA3900F323A2 /* SoundManager.swift */,
				B05377C32A36AB3300F323A2 /* UserDefaultsManager.swift */,
			);
			path = Managers;
			sourceTree = "<group>";
		};
/* End PBXGroup section */

/* Begin PBXNativeTarget section */
		B07E44502A24708D0050BFC6 /* DotGame */ = {
			isa = PBXNativeTarget;
			buildConfigurationList = B07E445F2A24708F0050BFC6 /* Build configuration list for PBXNativeTarget "DotGame" */;
			buildPhases = (
				B07E444D2A24708D0050BFC6 /* Sources */,
				B07E444E2A24708D0050BFC6 /* Frameworks */,
				B07E444F2A24708D0050BFC6 /* Resources */,
			);
			buildRules = (
			);
			dependencies = (
			);
			name = DotGame;
			productName = DotGame;
			productReference = B07E44512A24708D0050BFC6 /* DotGame.app */;
			productType = "com.apple.product-type.application";
		};
/* End PBXNativeTarget section */

/* Begin PBXProject section */
		B07E44492A24708D0050BFC6 /* Project object */ = {
			isa = PBXProject;
			attributes = {
				BuildIndependentTargetsInParallel = 1;
				LastSwiftUpdateCheck = 1420;
				LastUpgradeCheck = 1420;
				TargetAttributes = {
					B07E44502A24708D0050BFC6 = {
						CreatedOnToolsVersion = 14.2;
					};
				};
			};
			buildConfigurationList = B07E444C2A24708D0050BFC6 /* Build configuration list for PBXProject "DotGame" */;
			compatibilityVersion = "Xcode 14.0";
			developmentRegion = en;
			hasScannedForEncodings = 0;
			knownRegions = (
				en,
				Base,
			);
			mainGroup = B07E44482A24708D0050BFC6;
			productRefGroup = B07E44522A24708D0050BFC6 /* Products */;
			projectDirPath = "";
			projectRoot = "";
			targets = (
				B07E44502A24708D0050BFC6 /* DotGame */,
			);
		};
/* End PBXProject section */

/* Begin PBXResourcesBuildPhase section */
		B07E444F2A24708D0050BFC6 /* Resources */ = {
			isa = PBXResourcesBuildPhase;
			buildActionMask = 2147483647;
			files = (
				B07E445C2A24708F0050BFC6 /* Preview Assets.xcassets in Resources */,
				B05377D12A36E56E00F323A2 /* Pop.mp3 in Resources */,
				B05377C92A36B31800F323A2 /* Click.mp3 in Resources */,
				B05377CD2A36BC0400F323A2 /* Defeat.mp3 in Resources */,
				B05377CF2A36BC0900F323A2 /* Win.mp3 in Resources */,
				B07E44592A24708F0050BFC6 /* Assets.xcassets in Resources */,
				B05377C72A36AD1800F323A2 /* DotMusic.mp3 in Resources */,
			);
			runOnlyForDeploymentPostprocessing = 0;
		};
/* End PBXResourcesBuildPhase section */

/* Begin PBXSourcesBuildPhase section */
		B07E444D2A24708D0050BFC6 /* Sources */ = {
			isa = PBXSourcesBuildPhase;
			buildActionMask = 2147483647;
			files = (
				B07E44BE2A2994A90050BFC6 /* MapButton.swift in Sources */,
				B07E447D2A26CC330050BFC6 /* Hexagon.swift in Sources */,
				B07E44B22A2846E00050BFC6 /* StartScreen.swift in Sources */,
				B07E44B62A284CF90050BFC6 /* CustomGameScreen.swift in Sources */,
				B07E44772A253F810050BFC6 /* Coordinator.swift in Sources */,
				B05377BA2A32F88500F323A2 /* SettingsView.swift in Sources */,
				B07E44572A24708D0050BFC6 /* GameScreen.swift in Sources */,
				B05377B22A32CF6E00F323A2 /* HexagonNode.swift in Sources */,
				B07E44552A24708D0050BFC6 /* DotGameApp.swift in Sources */,
				B0B267C12A2C3DDF002B3E16 /* Coordinates.swift in Sources */,
				B07E44792A25410F0050BFC6 /* Extensions.swift in Sources */,
				B05377AC2A3181DC00F323A2 /* GameOver.swift in Sources */,
				B07E448F2A26E5CE0050BFC6 /* GameSetterVM.swift in Sources */,
				B05377B42A32CF9A00F323A2 /* BallNode.swift in Sources */,
				B05377C42A36AB3300F323A2 /* UserDefaultsManager.swift in Sources */,
				B07E44852A26DDE90050BFC6 /* Player.swift in Sources */,
				B07E447F2A26CD270050BFC6 /* StationView.swift in Sources */,
				B07E44B02A2821D80050BFC6 /* BackgroundView.swift in Sources */,
				B07E44A62A2700750050BFC6 /* AllMatrix.swift in Sources */,
				B05377B62A32EAD800F323A2 /* Scaled Image.swift in Sources */,
				B07E446D2A2529100050BFC6 /* Participators.swift in Sources */,
				B07E446F2A2529180050BFC6 /* MapMatrix.swift in Sources */,
				B05377B02A3188CB00F323A2 /* GameBackground.swift in Sources */,
				B05377BC2A32FA6D00F323A2 /* ManagerButton.swift in Sources */,
				B07E44B82A2861540050BFC6 /* TextView.swift in Sources */,
				B07E44AA2A270AF00050BFC6 /* HoneyCombView.swift in Sources */,
				B0B267BF2A2C28A9002B3E16 /* MapGenerator.swift in Sources */,
				B0B267B32A29E62B002B3E16 /* GameInfo.swift in Sources */,
				B0B267B72A2B074D002B3E16 /* GameProgress.swift in Sources */,
				B07E44872A26DDF20050BFC6 /* Bot.swift in Sources */,
				B07E44BA2A2870B40050BFC6 /* MapView.swift in Sources */,
				B05377C02A36AA2E00F323A2 /* VibrationManager.swift in Sources */,
				B07E44742A252DA10050BFC6 /* GameScene.swift in Sources */,
				B07E44BC2A2993D90050BFC6 /* MapSample.swift in Sources */,
				B0B267BD2A2C2832002B3E16 /* GameType.swift in Sources */,
				B07E449F2A26F6610050BFC6 /* StationType.swift in Sources */,
				B07E449B2A26EB610050BFC6 /* ParticipatorType.swift in Sources */,
				B07E44B42A284B570050BFC6 /* RegularButton.swift in Sources */,
				B05377B82A32F59000F323A2 /* SettingsButton.swift in Sources */,
				B05377BE2A36AA1F00F323A2 /* MusicManager.swift in Sources */,
				B05377AE2A3181F700F323A2 /* PreGame.swift in Sources */,
				B07E448D2A26E1280050BFC6 /* GameVM.swift in Sources */,
				B07E44652A24738E0050BFC6 /* Protocols.swift in Sources */,
				B07E44952A26E6D30050BFC6 /* Station.swift in Sources */,
				B0B267C32A2DD8D1002B3E16 /* GameMapView.swift in Sources */,
				B05377C22A36AA3900F323A2 /* SoundManager.swift in Sources */,
			);
			runOnlyForDeploymentPostprocessing = 0;
		};
/* End PBXSourcesBuildPhase section */

/* Begin XCBuildConfiguration section */
		B07E445D2A24708F0050BFC6 /* Debug */ = {
			isa = XCBuildConfiguration;
			buildSettings = {
				ALWAYS_SEARCH_USER_PATHS = NO;
				CLANG_ANALYZER_NONNULL = YES;
				CLANG_ANALYZER_NUMBER_OBJECT_CONVERSION = YES_AGGRESSIVE;
				CLANG_CXX_LANGUAGE_STANDARD = "gnu++20";
				CLANG_ENABLE_MODULES = YES;
				CLANG_ENABLE_OBJC_ARC = YES;
				CLANG_ENABLE_OBJC_WEAK = YES;
				CLANG_WARN_BLOCK_CAPTURE_AUTORELEASING = YES;
				CLANG_WARN_BOOL_CONVERSION = YES;
				CLANG_WARN_COMMA = YES;
				CLANG_WARN_CONSTANT_CONVERSION = YES;
				CLANG_WARN_DEPRECATED_OBJC_IMPLEMENTATIONS = YES;
				CLANG_WARN_DIRECT_OBJC_ISA_USAGE = YES_ERROR;
				CLANG_WARN_DOCUMENTATION_COMMENTS = YES;
				CLANG_WARN_EMPTY_BODY = YES;
				CLANG_WARN_ENUM_CONVERSION = YES;
				CLANG_WARN_INFINITE_RECURSION = YES;
				CLANG_WARN_INT_CONVERSION = YES;
				CLANG_WARN_NON_LITERAL_NULL_CONVERSION = YES;
				CLANG_WARN_OBJC_IMPLICIT_RETAIN_SELF = YES;
				CLANG_WARN_OBJC_LITERAL_CONVERSION = YES;
				CLANG_WARN_OBJC_ROOT_CLASS = YES_ERROR;
				CLANG_WARN_QUOTED_INCLUDE_IN_FRAMEWORK_HEADER = YES;
				CLANG_WARN_RANGE_LOOP_ANALYSIS = YES;
				CLANG_WARN_STRICT_PROTOTYPES = YES;
				CLANG_WARN_SUSPICIOUS_MOVE = YES;
				CLANG_WARN_UNGUARDED_AVAILABILITY = YES_AGGRESSIVE;
				CLANG_WARN_UNREACHABLE_CODE = YES;
				CLANG_WARN__DUPLICATE_METHOD_MATCH = YES;
				COPY_PHASE_STRIP = NO;
				DEBUG_INFORMATION_FORMAT = dwarf;
				ENABLE_STRICT_OBJC_MSGSEND = YES;
				ENABLE_TESTABILITY = YES;
				GCC_C_LANGUAGE_STANDARD = gnu11;
				GCC_DYNAMIC_NO_PIC = NO;
				GCC_NO_COMMON_BLOCKS = YES;
				GCC_OPTIMIZATION_LEVEL = 0;
				GCC_PREPROCESSOR_DEFINITIONS = (
					"DEBUG=1",
					"$(inherited)",
				);
				GCC_WARN_64_TO_32_BIT_CONVERSION = YES;
				GCC_WARN_ABOUT_RETURN_TYPE = YES_ERROR;
				GCC_WARN_UNDECLARED_SELECTOR = YES;
				GCC_WARN_UNINITIALIZED_AUTOS = YES_AGGRESSIVE;
				GCC_WARN_UNUSED_FUNCTION = YES;
				GCC_WARN_UNUSED_VARIABLE = YES;
				IPHONEOS_DEPLOYMENT_TARGET = 16.2;
				MTL_ENABLE_DEBUG_INFO = INCLUDE_SOURCE;
				MTL_FAST_MATH = YES;
				ONLY_ACTIVE_ARCH = YES;
				SDKROOT = iphoneos;
				SWIFT_ACTIVE_COMPILATION_CONDITIONS = DEBUG;
				SWIFT_OPTIMIZATION_LEVEL = "-Onone";
			};
			name = Debug;
		};
		B07E445E2A24708F0050BFC6 /* Release */ = {
			isa = XCBuildConfiguration;
			buildSettings = {
				ALWAYS_SEARCH_USER_PATHS = NO;
				CLANG_ANALYZER_NONNULL = YES;
				CLANG_ANALYZER_NUMBER_OBJECT_CONVERSION = YES_AGGRESSIVE;
				CLANG_CXX_LANGUAGE_STANDARD = "gnu++20";
				CLANG_ENABLE_MODULES = YES;
				CLANG_ENABLE_OBJC_ARC = YES;
				CLANG_ENABLE_OBJC_WEAK = YES;
				CLANG_WARN_BLOCK_CAPTURE_AUTORELEASING = YES;
				CLANG_WARN_BOOL_CONVERSION = YES;
				CLANG_WARN_COMMA = YES;
				CLANG_WARN_CONSTANT_CONVERSION = YES;
				CLANG_WARN_DEPRECATED_OBJC_IMPLEMENTATIONS = YES;
				CLANG_WARN_DIRECT_OBJC_ISA_USAGE = YES_ERROR;
				CLANG_WARN_DOCUMENTATION_COMMENTS = YES;
				CLANG_WARN_EMPTY_BODY = YES;
				CLANG_WARN_ENUM_CONVERSION = YES;
				CLANG_WARN_INFINITE_RECURSION = YES;
				CLANG_WARN_INT_CONVERSION = YES;
				CLANG_WARN_NON_LITERAL_NULL_CONVERSION = YES;
				CLANG_WARN_OBJC_IMPLICIT_RETAIN_SELF = YES;
				CLANG_WARN_OBJC_LITERAL_CONVERSION = YES;
				CLANG_WARN_OBJC_ROOT_CLASS = YES_ERROR;
				CLANG_WARN_QUOTED_INCLUDE_IN_FRAMEWORK_HEADER = YES;
				CLANG_WARN_RANGE_LOOP_ANALYSIS = YES;
				CLANG_WARN_STRICT_PROTOTYPES = YES;
				CLANG_WARN_SUSPICIOUS_MOVE = YES;
				CLANG_WARN_UNGUARDED_AVAILABILITY = YES_AGGRESSIVE;
				CLANG_WARN_UNREACHABLE_CODE = YES;
				CLANG_WARN__DUPLICATE_METHOD_MATCH = YES;
				COPY_PHASE_STRIP = NO;
				DEBUG_INFORMATION_FORMAT = "dwarf-with-dsym";
				ENABLE_NS_ASSERTIONS = NO;
				ENABLE_STRICT_OBJC_MSGSEND = YES;
				GCC_C_LANGUAGE_STANDARD = gnu11;
				GCC_NO_COMMON_BLOCKS = YES;
				GCC_WARN_64_TO_32_BIT_CONVERSION = YES;
				GCC_WARN_ABOUT_RETURN_TYPE = YES_ERROR;
				GCC_WARN_UNDECLARED_SELECTOR = YES;
				GCC_WARN_UNINITIALIZED_AUTOS = YES_AGGRESSIVE;
				GCC_WARN_UNUSED_FUNCTION = YES;
				GCC_WARN_UNUSED_VARIABLE = YES;
				IPHONEOS_DEPLOYMENT_TARGET = 16.2;
				MTL_ENABLE_DEBUG_INFO = NO;
				MTL_FAST_MATH = YES;
				SDKROOT = iphoneos;
				SWIFT_COMPILATION_MODE = wholemodule;
				SWIFT_OPTIMIZATION_LEVEL = "-O";
				VALIDATE_PRODUCT = YES;
			};
			name = Release;
		};
		B07E44602A24708F0050BFC6 /* Debug */ = {
			isa = XCBuildConfiguration;
			buildSettings = {
				ASSETCATALOG_COMPILER_APPICON_NAME = AppIcon;
				ASSETCATALOG_COMPILER_GLOBAL_ACCENT_COLOR_NAME = AccentColor;
				CODE_SIGN_STYLE = Automatic;
				CURRENT_PROJECT_VERSION = 1;
				DEVELOPMENT_ASSET_PATHS = "\"DotGame/Preview Content\"";
				DEVELOPMENT_TEAM = K76VZ7SA7Z;
				ENABLE_PREVIEWS = YES;
				GENERATE_INFOPLIST_FILE = YES;
				INFOPLIST_FILE = DotGame/Info.plist;
				INFOPLIST_KEY_UIApplicationSupportsIndirectInputEvents = YES;
				INFOPLIST_KEY_UILaunchScreen_Generation = YES;
				INFOPLIST_KEY_UISupportedInterfaceOrientations = UIInterfaceOrientationPortrait;
				INFOPLIST_KEY_UISupportedInterfaceOrientations_iPad = "UIInterfaceOrientationLandscapeLeft UIInterfaceOrientationLandscapeRight UIInterfaceOrientationPortrait UIInterfaceOrientationPortraitUpsideDown";
				INFOPLIST_KEY_UIUserInterfaceStyle = Light;
				IPHONEOS_DEPLOYMENT_TARGET = 14.0;
				LD_RUNPATH_SEARCH_PATHS = (
					"$(inherited)",
					"@executable_path/Frameworks",
				);
				MARKETING_VERSION = 1.0;
				PRODUCT_BUNDLE_IDENTIFIER = AlexHor.DotGame;
				PRODUCT_NAME = "$(TARGET_NAME)";
				SUPPORTED_PLATFORMS = "iphoneos iphonesimulator";
				SUPPORTS_MACCATALYST = NO;
				SUPPORTS_MAC_DESIGNED_FOR_IPHONE_IPAD = NO;
				SWIFT_EMIT_LOC_STRINGS = YES;
				SWIFT_VERSION = 5.0;
				TARGETED_DEVICE_FAMILY = 1;
			};
			name = Debug;
		};
		B07E44612A24708F0050BFC6 /* Release */ = {
			isa = XCBuildConfiguration;
			buildSettings = {
				ASSETCATALOG_COMPILER_APPICON_NAME = AppIcon;
				ASSETCATALOG_COMPILER_GLOBAL_ACCENT_COLOR_NAME = AccentColor;
				CODE_SIGN_STYLE = Automatic;
				CURRENT_PROJECT_VERSION = 1;
				DEVELOPMENT_ASSET_PATHS = "\"DotGame/Preview Content\"";
				DEVELOPMENT_TEAM = K76VZ7SA7Z;
				ENABLE_PREVIEWS = YES;
				GENERATE_INFOPLIST_FILE = YES;
				INFOPLIST_FILE = DotGame/Info.plist;
				INFOPLIST_KEY_UIApplicationSupportsIndirectInputEvents = YES;
				INFOPLIST_KEY_UILaunchScreen_Generation = YES;
				INFOPLIST_KEY_UISupportedInterfaceOrientations = UIInterfaceOrientationPortrait;
				INFOPLIST_KEY_UISupportedInterfaceOrientations_iPad = "UIInterfaceOrientationLandscapeLeft UIInterfaceOrientationLandscapeRight UIInterfaceOrientationPortrait UIInterfaceOrientationPortraitUpsideDown";
				INFOPLIST_KEY_UIUserInterfaceStyle = Light;
				IPHONEOS_DEPLOYMENT_TARGET = 14.0;
				LD_RUNPATH_SEARCH_PATHS = (
					"$(inherited)",
					"@executable_path/Frameworks",
				);
				MARKETING_VERSION = 1.0;
				PRODUCT_BUNDLE_IDENTIFIER = AlexHor.DotGame;
				PRODUCT_NAME = "$(TARGET_NAME)";
				SUPPORTED_PLATFORMS = "iphoneos iphonesimulator";
				SUPPORTS_MACCATALYST = NO;
				SUPPORTS_MAC_DESIGNED_FOR_IPHONE_IPAD = NO;
				SWIFT_EMIT_LOC_STRINGS = YES;
				SWIFT_VERSION = 5.0;
				TARGETED_DEVICE_FAMILY = 1;
			};
			name = Release;
		};
/* End XCBuildConfiguration section */

/* Begin XCConfigurationList section */
		B07E444C2A24708D0050BFC6 /* Build configuration list for PBXProject "DotGame" */ = {
			isa = XCConfigurationList;
			buildConfigurations = (
				B07E445D2A24708F0050BFC6 /* Debug */,
				B07E445E2A24708F0050BFC6 /* Release */,
			);
			defaultConfigurationIsVisible = 0;
			defaultConfigurationName = Release;
		};
		B07E445F2A24708F0050BFC6 /* Build configuration list for PBXNativeTarget "DotGame" */ = {
			isa = XCConfigurationList;
			buildConfigurations = (
				B07E44602A24708F0050BFC6 /* Debug */,
				B07E44612A24708F0050BFC6 /* Release */,
			);
			defaultConfigurationIsVisible = 0;
			defaultConfigurationName = Release;
		};
/* End XCConfigurationList section */
	};
	rootObject = B07E44492A24708D0050BFC6 /* Project object */;
}
